// !$*UTF8*$!
{
	archiveVersion = 1;
	classes = {
	};
	objectVersion = 50;
	objects = {

/* Begin PBXBuildFile section */
		3B7E32C520FAA3BC0080A451 /* AppDelegate.swift in Sources */ = {isa = PBXBuildFile; fileRef = 3B7E32C420FAA3BC0080A451 /* AppDelegate.swift */; };
		3B7E32CA20FAA3BC0080A451 /* Main.storyboard in Resources */ = {isa = PBXBuildFile; fileRef = 3B7E32C820FAA3BC0080A451 /* Main.storyboard */; };
		3B7E32CC20FAA3BD0080A451 /* Assets.xcassets in Resources */ = {isa = PBXBuildFile; fileRef = 3B7E32CB20FAA3BD0080A451 /* Assets.xcassets */; };
		3B7E32CF20FAA3BD0080A451 /* LaunchScreen.storyboard in Resources */ = {isa = PBXBuildFile; fileRef = 3B7E32CD20FAA3BD0080A451 /* LaunchScreen.storyboard */; };
		3B7E32DA20FAA3BD0080A451 /* HomeAwayHackTests.swift in Sources */ = {isa = PBXBuildFile; fileRef = 3B7E32D920FAA3BD0080A451 /* HomeAwayHackTests.swift */; };
		3B7E32E520FAA3BD0080A451 /* HomeAwayHackUITests.swift in Sources */ = {isa = PBXBuildFile; fileRef = 3B7E32E420FAA3BD0080A451 /* HomeAwayHackUITests.swift */; };
		3B7E32F420FAA3FA0080A451 /* LoginViewController.swift in Sources */ = {isa = PBXBuildFile; fileRef = 3B7E32F320FAA3FA0080A451 /* LoginViewController.swift */; };
		3B7E32F620FAA4360080A451 /* HomeViewController.swift in Sources */ = {isa = PBXBuildFile; fileRef = 3B7E32F520FAA4360080A451 /* HomeViewController.swift */; };
		3B7E32F820FAA4430080A451 /* FilterViewController.swift in Sources */ = {isa = PBXBuildFile; fileRef = 3B7E32F720FAA4430080A451 /* FilterViewController.swift */; };
		3B7E32FA20FAA44B0080A451 /* DetailViewController.swift in Sources */ = {isa = PBXBuildFile; fileRef = 3B7E32F920FAA44B0080A451 /* DetailViewController.swift */; };
		64932A08BB56987043C2F185 /* Pods_HomeAwayHack.framework in Frameworks */ = {isa = PBXBuildFile; fileRef = 2B212989F5BA943CCB9ACE2E /* Pods_HomeAwayHack.framework */; };
		7A93A50820FAE38B00037E55 /* GoogleService-Info.plist in Resources */ = {isa = PBXBuildFile; fileRef = 7A93A50720FAE38B00037E55 /* GoogleService-Info.plist */; };
		8807D06F20FAC1950029B32C /* RequestTableViewCell.swift in Sources */ = {isa = PBXBuildFile; fileRef = 8807D06E20FAC1950029B32C /* RequestTableViewCell.swift */; };
		8807D07120FAC19E0029B32C /* ListingTableViewCell.swift in Sources */ = {isa = PBXBuildFile; fileRef = 8807D07020FAC19E0029B32C /* ListingTableViewCell.swift */; };
		8807D07320FAC1B20029B32C /* ViewRequestViewController.swift in Sources */ = {isa = PBXBuildFile; fileRef = 8807D07220FAC1B20029B32C /* ViewRequestViewController.swift */; };
		8807D07520FAC2020029B32C /* RequestDetailViewController.swift in Sources */ = {isa = PBXBuildFile; fileRef = 8807D07420FAC2020029B32C /* RequestDetailViewController.swift */; };
		8807D07720FAC4100029B32C /* BookItViewController.swift in Sources */ = {isa = PBXBuildFile; fileRef = 8807D07620FAC4100029B32C /* BookItViewController.swift */; };
		8807D07920FAC5DE0029B32C /* ApplyViewController.swift in Sources */ = {isa = PBXBuildFile; fileRef = 8807D07820FAC5DE0029B32C /* ApplyViewController.swift */; };
		D586CC00C809CC0759F032B3 /* Pods_HomeAwayHackTests.framework in Frameworks */ = {isa = PBXBuildFile; fileRef = A1302A9AC241621F5F11FCA6 /* Pods_HomeAwayHackTests.framework */; };
		E1ACDFF20B85805085669E07 /* Pods_HomeAwayHackUITests.framework in Frameworks */ = {isa = PBXBuildFile; fileRef = 5B8A7D5FF20E375114A8808E /* Pods_HomeAwayHackUITests.framework */; };
/* End PBXBuildFile section */

/* Begin PBXContainerItemProxy section */
		3B7E32D620FAA3BD0080A451 /* PBXContainerItemProxy */ = {
			isa = PBXContainerItemProxy;
			containerPortal = 3B7E32B920FAA3BB0080A451 /* Project object */;
			proxyType = 1;
			remoteGlobalIDString = 3B7E32C020FAA3BB0080A451;
			remoteInfo = HomeAwayHack;
		};
		3B7E32E120FAA3BD0080A451 /* PBXContainerItemProxy */ = {
			isa = PBXContainerItemProxy;
			containerPortal = 3B7E32B920FAA3BB0080A451 /* Project object */;
			proxyType = 1;
			remoteGlobalIDString = 3B7E32C020FAA3BB0080A451;
			remoteInfo = HomeAwayHack;
		};
/* End PBXContainerItemProxy section */

/* Begin PBXFileReference section */
		2B212989F5BA943CCB9ACE2E /* Pods_HomeAwayHack.framework */ = {isa = PBXFileReference; explicitFileType = wrapper.framework; includeInIndex = 0; path = Pods_HomeAwayHack.framework; sourceTree = BUILT_PRODUCTS_DIR; };
		3B7E32C120FAA3BB0080A451 /* HomeAwayHack.app */ = {isa = PBXFileReference; explicitFileType = wrapper.application; includeInIndex = 0; path = HomeAwayHack.app; sourceTree = BUILT_PRODUCTS_DIR; };
		3B7E32C420FAA3BC0080A451 /* AppDelegate.swift */ = {isa = PBXFileReference; lastKnownFileType = sourcecode.swift; path = AppDelegate.swift; sourceTree = "<group>"; };
		3B7E32C920FAA3BC0080A451 /* Base */ = {isa = PBXFileReference; lastKnownFileType = file.storyboard; name = Base; path = Base.lproj/Main.storyboard; sourceTree = "<group>"; };
		3B7E32CB20FAA3BD0080A451 /* Assets.xcassets */ = {isa = PBXFileReference; lastKnownFileType = folder.assetcatalog; path = Assets.xcassets; sourceTree = "<group>"; };
		3B7E32CE20FAA3BD0080A451 /* Base */ = {isa = PBXFileReference; lastKnownFileType = file.storyboard; name = Base; path = Base.lproj/LaunchScreen.storyboard; sourceTree = "<group>"; };
		3B7E32D020FAA3BD0080A451 /* Info.plist */ = {isa = PBXFileReference; lastKnownFileType = text.plist.xml; path = Info.plist; sourceTree = "<group>"; };
		3B7E32D520FAA3BD0080A451 /* HomeAwayHackTests.xctest */ = {isa = PBXFileReference; explicitFileType = wrapper.cfbundle; includeInIndex = 0; path = HomeAwayHackTests.xctest; sourceTree = BUILT_PRODUCTS_DIR; };
		3B7E32D920FAA3BD0080A451 /* HomeAwayHackTests.swift */ = {isa = PBXFileReference; lastKnownFileType = sourcecode.swift; path = HomeAwayHackTests.swift; sourceTree = "<group>"; };
		3B7E32DB20FAA3BD0080A451 /* Info.plist */ = {isa = PBXFileReference; lastKnownFileType = text.plist.xml; path = Info.plist; sourceTree = "<group>"; };
		3B7E32E020FAA3BD0080A451 /* HomeAwayHackUITests.xctest */ = {isa = PBXFileReference; explicitFileType = wrapper.cfbundle; includeInIndex = 0; path = HomeAwayHackUITests.xctest; sourceTree = BUILT_PRODUCTS_DIR; };
		3B7E32E420FAA3BD0080A451 /* HomeAwayHackUITests.swift */ = {isa = PBXFileReference; lastKnownFileType = sourcecode.swift; path = HomeAwayHackUITests.swift; sourceTree = "<group>"; };
		3B7E32E620FAA3BD0080A451 /* Info.plist */ = {isa = PBXFileReference; lastKnownFileType = text.plist.xml; path = Info.plist; sourceTree = "<group>"; };
		3B7E32F320FAA3FA0080A451 /* LoginViewController.swift */ = {isa = PBXFileReference; lastKnownFileType = sourcecode.swift; path = LoginViewController.swift; sourceTree = "<group>"; };
		3B7E32F520FAA4360080A451 /* HomeViewController.swift */ = {isa = PBXFileReference; lastKnownFileType = sourcecode.swift; path = HomeViewController.swift; sourceTree = "<group>"; };
		3B7E32F720FAA4430080A451 /* FilterViewController.swift */ = {isa = PBXFileReference; lastKnownFileType = sourcecode.swift; path = FilterViewController.swift; sourceTree = "<group>"; };
		3B7E32F920FAA44B0080A451 /* DetailViewController.swift */ = {isa = PBXFileReference; lastKnownFileType = sourcecode.swift; path = DetailViewController.swift; sourceTree = "<group>"; };
		3C59FC4C243CBDE1593692DC /* Pods-HomeAwayHackUITests.debug.xcconfig */ = {isa = PBXFileReference; includeInIndex = 1; lastKnownFileType = text.xcconfig; name = "Pods-HomeAwayHackUITests.debug.xcconfig"; path = "Pods/Target Support Files/Pods-HomeAwayHackUITests/Pods-HomeAwayHackUITests.debug.xcconfig"; sourceTree = "<group>"; };
		401F834597A84F539273409D /* Pods-HomeAwayHack.debug.xcconfig */ = {isa = PBXFileReference; includeInIndex = 1; lastKnownFileType = text.xcconfig; name = "Pods-HomeAwayHack.debug.xcconfig"; path = "Pods/Target Support Files/Pods-HomeAwayHack/Pods-HomeAwayHack.debug.xcconfig"; sourceTree = "<group>"; };
		5B8A7D5FF20E375114A8808E /* Pods_HomeAwayHackUITests.framework */ = {isa = PBXFileReference; explicitFileType = wrapper.framework; includeInIndex = 0; path = Pods_HomeAwayHackUITests.framework; sourceTree = BUILT_PRODUCTS_DIR; };
		7A93A50720FAE38B00037E55 /* GoogleService-Info.plist */ = {isa = PBXFileReference; fileEncoding = 4; lastKnownFileType = text.plist.xml; name = "GoogleService-Info.plist"; path = "../../Downloads/GoogleService-Info.plist"; sourceTree = "<group>"; };
		82285976A92EF95938C751FA /* Pods-HomeAwayHackTests.debug.xcconfig */ = {isa = PBXFileReference; includeInIndex = 1; lastKnownFileType = text.xcconfig; name = "Pods-HomeAwayHackTests.debug.xcconfig"; path = "Pods/Target Support Files/Pods-HomeAwayHackTests/Pods-HomeAwayHackTests.debug.xcconfig"; sourceTree = "<group>"; };
		8807D06E20FAC1950029B32C /* RequestTableViewCell.swift */ = {isa = PBXFileReference; lastKnownFileType = sourcecode.swift; path = RequestTableViewCell.swift; sourceTree = "<group>"; };
		8807D07020FAC19E0029B32C /* ListingTableViewCell.swift */ = {isa = PBXFileReference; lastKnownFileType = sourcecode.swift; path = ListingTableViewCell.swift; sourceTree = "<group>"; };
		8807D07220FAC1B20029B32C /* ViewRequestViewController.swift */ = {isa = PBXFileReference; lastKnownFileType = sourcecode.swift; path = ViewRequestViewController.swift; sourceTree = "<group>"; };
		8807D07420FAC2020029B32C /* RequestDetailViewController.swift */ = {isa = PBXFileReference; lastKnownFileType = sourcecode.swift; path = RequestDetailViewController.swift; sourceTree = "<group>"; };
		8807D07620FAC4100029B32C /* BookItViewController.swift */ = {isa = PBXFileReference; lastKnownFileType = sourcecode.swift; path = BookItViewController.swift; sourceTree = "<group>"; };
		8807D07820FAC5DE0029B32C /* ApplyViewController.swift */ = {isa = PBXFileReference; lastKnownFileType = sourcecode.swift; path = ApplyViewController.swift; sourceTree = "<group>"; };
		969210B60CFB80B5379D44E1 /* Pods-HomeAwayHack.release.xcconfig */ = {isa = PBXFileReference; includeInIndex = 1; lastKnownFileType = text.xcconfig; name = "Pods-HomeAwayHack.release.xcconfig"; path = "Pods/Target Support Files/Pods-HomeAwayHack/Pods-HomeAwayHack.release.xcconfig"; sourceTree = "<group>"; };
		A1302A9AC241621F5F11FCA6 /* Pods_HomeAwayHackTests.framework */ = {isa = PBXFileReference; explicitFileType = wrapper.framework; includeInIndex = 0; path = Pods_HomeAwayHackTests.framework; sourceTree = BUILT_PRODUCTS_DIR; };
		A6DD7AD9490A8C72D21DBBE8 /* Pods-HomeAwayHackUITests.release.xcconfig */ = {isa = PBXFileReference; includeInIndex = 1; lastKnownFileType = text.xcconfig; name = "Pods-HomeAwayHackUITests.release.xcconfig"; path = "Pods/Target Support Files/Pods-HomeAwayHackUITests/Pods-HomeAwayHackUITests.release.xcconfig"; sourceTree = "<group>"; };
		B39C1B6534D09A34503F8439 /* Pods-HomeAwayHackTests.release.xcconfig */ = {isa = PBXFileReference; includeInIndex = 1; lastKnownFileType = text.xcconfig; name = "Pods-HomeAwayHackTests.release.xcconfig"; path = "Pods/Target Support Files/Pods-HomeAwayHackTests/Pods-HomeAwayHackTests.release.xcconfig"; sourceTree = "<group>"; };
/* End PBXFileReference section */

/* Begin PBXFrameworksBuildPhase section */
		3B7E32BE20FAA3BB0080A451 /* Frameworks */ = {
			isa = PBXFrameworksBuildPhase;
			buildActionMask = 2147483647;
			files = (
				64932A08BB56987043C2F185 /* Pods_HomeAwayHack.framework in Frameworks */,
			);
			runOnlyForDeploymentPostprocessing = 0;
		};
		3B7E32D220FAA3BD0080A451 /* Frameworks */ = {
			isa = PBXFrameworksBuildPhase;
			buildActionMask = 2147483647;
			files = (
				D586CC00C809CC0759F032B3 /* Pods_HomeAwayHackTests.framework in Frameworks */,
			);
			runOnlyForDeploymentPostprocessing = 0;
		};
		3B7E32DD20FAA3BD0080A451 /* Frameworks */ = {
			isa = PBXFrameworksBuildPhase;
			buildActionMask = 2147483647;
			files = (
				E1ACDFF20B85805085669E07 /* Pods_HomeAwayHackUITests.framework in Frameworks */,
			);
			runOnlyForDeploymentPostprocessing = 0;
		};
/* End PBXFrameworksBuildPhase section */

/* Begin PBXGroup section */
		3B2E3EFC20FABA8C00BE7BD9 /* Firebase */ = {
			isa = PBXGroup;
			children = (
			);
			path = Firebase;
			sourceTree = "<group>";
		};
		3B7E32B820FAA3BB0080A451 = {
			isa = PBXGroup;
			children = (
				3B7E32C320FAA3BB0080A451 /* HomeAwayHack */,
				3B7E32D820FAA3BD0080A451 /* HomeAwayHackTests */,
				3B7E32E320FAA3BD0080A451 /* HomeAwayHackUITests */,
				3B7E32C220FAA3BB0080A451 /* Products */,
				8384CAF67FA81790CEF267EE /* Pods */,
				F2EE5149A81A8DEF733E9A61 /* Frameworks */,
			);
			sourceTree = "<group>";
		};
		3B7E32C220FAA3BB0080A451 /* Products */ = {
			isa = PBXGroup;
			children = (
				3B7E32C120FAA3BB0080A451 /* HomeAwayHack.app */,
				3B7E32D520FAA3BD0080A451 /* HomeAwayHackTests.xctest */,
				3B7E32E020FAA3BD0080A451 /* HomeAwayHackUITests.xctest */,
			);
			name = Products;
			sourceTree = "<group>";
		};
		3B7E32C320FAA3BB0080A451 /* HomeAwayHack */ = {
			isa = PBXGroup;
			children = (
				7A93A50720FAE38B00037E55 /* GoogleService-Info.plist */,
				3B2E3EFC20FABA8C00BE7BD9 /* Firebase */,
				3B7E32F220FAA3EA0080A451 /* ViewControllers */,
				3B7E32C420FAA3BC0080A451 /* AppDelegate.swift */,
				3B7E32C820FAA3BC0080A451 /* Main.storyboard */,
				3B7E32CB20FAA3BD0080A451 /* Assets.xcassets */,
				3B7E32CD20FAA3BD0080A451 /* LaunchScreen.storyboard */,
				3B7E32D020FAA3BD0080A451 /* Info.plist */,
			);
			path = HomeAwayHack;
			sourceTree = "<group>";
		};
		3B7E32D820FAA3BD0080A451 /* HomeAwayHackTests */ = {
			isa = PBXGroup;
			children = (
				3B7E32D920FAA3BD0080A451 /* HomeAwayHackTests.swift */,
				3B7E32DB20FAA3BD0080A451 /* Info.plist */,
			);
			path = HomeAwayHackTests;
			sourceTree = "<group>";
		};
		3B7E32E320FAA3BD0080A451 /* HomeAwayHackUITests */ = {
			isa = PBXGroup;
			children = (
				3B7E32E420FAA3BD0080A451 /* HomeAwayHackUITests.swift */,
				3B7E32E620FAA3BD0080A451 /* Info.plist */,
			);
			path = HomeAwayHackUITests;
			sourceTree = "<group>";
		};
		3B7E32F220FAA3EA0080A451 /* ViewControllers */ = {
			isa = PBXGroup;
			children = (
				3B7E32F320FAA3FA0080A451 /* LoginViewController.swift */,
				3B7E32F520FAA4360080A451 /* HomeViewController.swift */,
				3B7E32F720FAA4430080A451 /* FilterViewController.swift */,
				3B7E32F920FAA44B0080A451 /* DetailViewController.swift */,
				8807D06E20FAC1950029B32C /* RequestTableViewCell.swift */,
				8807D07020FAC19E0029B32C /* ListingTableViewCell.swift */,
				8807D07220FAC1B20029B32C /* ViewRequestViewController.swift */,
				8807D07420FAC2020029B32C /* RequestDetailViewController.swift */,
				8807D07620FAC4100029B32C /* BookItViewController.swift */,
				8807D07820FAC5DE0029B32C /* ApplyViewController.swift */,
			);
			path = ViewControllers;
			sourceTree = "<group>";
		};
		8384CAF67FA81790CEF267EE /* Pods */ = {
			isa = PBXGroup;
			children = (
				401F834597A84F539273409D /* Pods-HomeAwayHack.debug.xcconfig */,
				969210B60CFB80B5379D44E1 /* Pods-HomeAwayHack.release.xcconfig */,
				82285976A92EF95938C751FA /* Pods-HomeAwayHackTests.debug.xcconfig */,
				B39C1B6534D09A34503F8439 /* Pods-HomeAwayHackTests.release.xcconfig */,
				3C59FC4C243CBDE1593692DC /* Pods-HomeAwayHackUITests.debug.xcconfig */,
				A6DD7AD9490A8C72D21DBBE8 /* Pods-HomeAwayHackUITests.release.xcconfig */,
			);
			name = Pods;
			sourceTree = "<group>";
		};
		F2EE5149A81A8DEF733E9A61 /* Frameworks */ = {
			isa = PBXGroup;
			children = (
				2B212989F5BA943CCB9ACE2E /* Pods_HomeAwayHack.framework */,
				A1302A9AC241621F5F11FCA6 /* Pods_HomeAwayHackTests.framework */,
				5B8A7D5FF20E375114A8808E /* Pods_HomeAwayHackUITests.framework */,
			);
			name = Frameworks;
			sourceTree = "<group>";
		};
/* End PBXGroup section */

/* Begin PBXNativeTarget section */
		3B7E32C020FAA3BB0080A451 /* HomeAwayHack */ = {
			isa = PBXNativeTarget;
			buildConfigurationList = 3B7E32E920FAA3BD0080A451 /* Build configuration list for PBXNativeTarget "HomeAwayHack" */;
			buildPhases = (
				3CBC544C71F94ECCC502306C /* [CP] Check Pods Manifest.lock */,
				3B7E32BD20FAA3BB0080A451 /* Sources */,
				3B7E32BE20FAA3BB0080A451 /* Frameworks */,
				3B7E32BF20FAA3BB0080A451 /* Resources */,
				60D2392D45F16B0238093651 /* [CP] Embed Pods Frameworks */,
				1AB40B9A24689F2A679A63A2 /* [CP] Copy Pods Resources */,
			);
			buildRules = (
			);
			dependencies = (
			);
			name = HomeAwayHack;
			productName = HomeAwayHack;
			productReference = 3B7E32C120FAA3BB0080A451 /* HomeAwayHack.app */;
			productType = "com.apple.product-type.application";
		};
		3B7E32D420FAA3BD0080A451 /* HomeAwayHackTests */ = {
			isa = PBXNativeTarget;
			buildConfigurationList = 3B7E32EC20FAA3BD0080A451 /* Build configuration list for PBXNativeTarget "HomeAwayHackTests" */;
			buildPhases = (
				614413A64548FD856E9316F6 /* [CP] Check Pods Manifest.lock */,
				3B7E32D120FAA3BD0080A451 /* Sources */,
				3B7E32D220FAA3BD0080A451 /* Frameworks */,
				3B7E32D320FAA3BD0080A451 /* Resources */,
			);
			buildRules = (
			);
			dependencies = (
				3B7E32D720FAA3BD0080A451 /* PBXTargetDependency */,
			);
			name = HomeAwayHackTests;
			productName = HomeAwayHackTests;
			productReference = 3B7E32D520FAA3BD0080A451 /* HomeAwayHackTests.xctest */;
			productType = "com.apple.product-type.bundle.unit-test";
		};
		3B7E32DF20FAA3BD0080A451 /* HomeAwayHackUITests */ = {
			isa = PBXNativeTarget;
			buildConfigurationList = 3B7E32EF20FAA3BD0080A451 /* Build configuration list for PBXNativeTarget "HomeAwayHackUITests" */;
			buildPhases = (
				3ABE21A1DEB033663EFA6D1F /* [CP] Check Pods Manifest.lock */,
				3B7E32DC20FAA3BD0080A451 /* Sources */,
				3B7E32DD20FAA3BD0080A451 /* Frameworks */,
				3B7E32DE20FAA3BD0080A451 /* Resources */,
			);
			buildRules = (
			);
			dependencies = (
				3B7E32E220FAA3BD0080A451 /* PBXTargetDependency */,
			);
			name = HomeAwayHackUITests;
			productName = HomeAwayHackUITests;
			productReference = 3B7E32E020FAA3BD0080A451 /* HomeAwayHackUITests.xctest */;
			productType = "com.apple.product-type.bundle.ui-testing";
		};
/* End PBXNativeTarget section */

/* Begin PBXProject section */
		3B7E32B920FAA3BB0080A451 /* Project object */ = {
			isa = PBXProject;
			attributes = {
				LastSwiftUpdateCheck = 0940;
				LastUpgradeCheck = 0940;
				ORGANIZATIONNAME = "Stephanie Angulo";
				TargetAttributes = {
					3B7E32C020FAA3BB0080A451 = {
						CreatedOnToolsVersion = 9.4.1;
					};
					3B7E32D420FAA3BD0080A451 = {
						CreatedOnToolsVersion = 9.4.1;
						TestTargetID = 3B7E32C020FAA3BB0080A451;
					};
					3B7E32DF20FAA3BD0080A451 = {
						CreatedOnToolsVersion = 9.4.1;
						TestTargetID = 3B7E32C020FAA3BB0080A451;
					};
				};
			};
			buildConfigurationList = 3B7E32BC20FAA3BB0080A451 /* Build configuration list for PBXProject "HomeAwayHack" */;
			compatibilityVersion = "Xcode 9.3";
			developmentRegion = en;
			hasScannedForEncodings = 0;
			knownRegions = (
				en,
				Base,
			);
			mainGroup = 3B7E32B820FAA3BB0080A451;
			productRefGroup = 3B7E32C220FAA3BB0080A451 /* Products */;
			projectDirPath = "";
			projectRoot = "";
			targets = (
				3B7E32C020FAA3BB0080A451 /* HomeAwayHack */,
				3B7E32D420FAA3BD0080A451 /* HomeAwayHackTests */,
				3B7E32DF20FAA3BD0080A451 /* HomeAwayHackUITests */,
			);
		};
/* End PBXProject section */

/* Begin PBXResourcesBuildPhase section */
		3B7E32BF20FAA3BB0080A451 /* Resources */ = {
			isa = PBXResourcesBuildPhase;
			buildActionMask = 2147483647;
			files = (
				3B7E32CF20FAA3BD0080A451 /* LaunchScreen.storyboard in Resources */,
				7A93A50820FAE38B00037E55 /* GoogleService-Info.plist in Resources */,
				3B7E32CC20FAA3BD0080A451 /* Assets.xcassets in Resources */,
				3B7E32CA20FAA3BC0080A451 /* Main.storyboard in Resources */,
			);
			runOnlyForDeploymentPostprocessing = 0;
		};
		3B7E32D320FAA3BD0080A451 /* Resources */ = {
			isa = PBXResourcesBuildPhase;
			buildActionMask = 2147483647;
			files = (
			);
			runOnlyForDeploymentPostprocessing = 0;
		};
		3B7E32DE20FAA3BD0080A451 /* Resources */ = {
			isa = PBXResourcesBuildPhase;
			buildActionMask = 2147483647;
			files = (
			);
			runOnlyForDeploymentPostprocessing = 0;
		};
/* End PBXResourcesBuildPhase section */

/* Begin PBXShellScriptBuildPhase section */
		1AB40B9A24689F2A679A63A2 /* [CP] Copy Pods Resources */ = {
			isa = PBXShellScriptBuildPhase;
			buildActionMask = 2147483647;
			files = (
			);
			inputPaths = (
				"${SRCROOT}/Pods/Target Support Files/Pods-HomeAwayHack/Pods-HomeAwayHack-resources.sh",
				"${PODS_ROOT}/GoogleSignIn/Resources/GoogleSignIn.bundle",
			);
			name = "[CP] Copy Pods Resources";
			outputPaths = (
				"${TARGET_BUILD_DIR}/${UNLOCALIZED_RESOURCES_FOLDER_PATH}/GoogleSignIn.bundle",
			);
			runOnlyForDeploymentPostprocessing = 0;
			shellPath = /bin/sh;
			shellScript = "\"${SRCROOT}/Pods/Target Support Files/Pods-HomeAwayHack/Pods-HomeAwayHack-resources.sh\"\n";
			showEnvVarsInLog = 0;
		};
		3ABE21A1DEB033663EFA6D1F /* [CP] Check Pods Manifest.lock */ = {
			isa = PBXShellScriptBuildPhase;
			buildActionMask = 2147483647;
			files = (
			);
			inputPaths = (
				"${PODS_PODFILE_DIR_PATH}/Podfile.lock",
				"${PODS_ROOT}/Manifest.lock",
			);
			name = "[CP] Check Pods Manifest.lock";
			outputPaths = (
				"$(DERIVED_FILE_DIR)/Pods-HomeAwayHackUITests-checkManifestLockResult.txt",
			);
			runOnlyForDeploymentPostprocessing = 0;
			shellPath = /bin/sh;
			shellScript = "diff \"${PODS_PODFILE_DIR_PATH}/Podfile.lock\" \"${PODS_ROOT}/Manifest.lock\" > /dev/null\nif [ $? != 0 ] ; then\n    # print error to STDERR\n    echo \"error: The sandbox is not in sync with the Podfile.lock. Run 'pod install' or update your CocoaPods installation.\" >&2\n    exit 1\nfi\n# This output is used by Xcode 'outputs' to avoid re-running this script phase.\necho \"SUCCESS\" > \"${SCRIPT_OUTPUT_FILE_0}\"\n";
			showEnvVarsInLog = 0;
		};
		3CBC544C71F94ECCC502306C /* [CP] Check Pods Manifest.lock */ = {
			isa = PBXShellScriptBuildPhase;
			buildActionMask = 2147483647;
			files = (
			);
			inputPaths = (
				"${PODS_PODFILE_DIR_PATH}/Podfile.lock",
				"${PODS_ROOT}/Manifest.lock",
			);
			name = "[CP] Check Pods Manifest.lock";
			outputPaths = (
				"$(DERIVED_FILE_DIR)/Pods-HomeAwayHack-checkManifestLockResult.txt",
			);
			runOnlyForDeploymentPostprocessing = 0;
			shellPath = /bin/sh;
			shellScript = "diff \"${PODS_PODFILE_DIR_PATH}/Podfile.lock\" \"${PODS_ROOT}/Manifest.lock\" > /dev/null\nif [ $? != 0 ] ; then\n    # print error to STDERR\n    echo \"error: The sandbox is not in sync with the Podfile.lock. Run 'pod install' or update your CocoaPods installation.\" >&2\n    exit 1\nfi\n# This output is used by Xcode 'outputs' to avoid re-running this script phase.\necho \"SUCCESS\" > \"${SCRIPT_OUTPUT_FILE_0}\"\n";
			showEnvVarsInLog = 0;
		};
		60D2392D45F16B0238093651 /* [CP] Embed Pods Frameworks */ = {
			isa = PBXShellScriptBuildPhase;
			buildActionMask = 2147483647;
			files = (
			);
			inputPaths = (
				"${SRCROOT}/Pods/Target Support Files/Pods-HomeAwayHack/Pods-HomeAwayHack-frameworks.sh",
				"${BUILT_PRODUCTS_DIR}/Alamofire/Alamofire.framework",
				"${BUILT_PRODUCTS_DIR}/GTMOAuth2/GTMOAuth2.framework",
				"${BUILT_PRODUCTS_DIR}/GTMSessionFetcher/GTMSessionFetcher.framework",
				"${BUILT_PRODUCTS_DIR}/GoogleToolboxForMac/GoogleToolboxForMac.framework",
				"${BUILT_PRODUCTS_DIR}/nanopb/nanopb.framework",
			);
			name = "[CP] Embed Pods Frameworks";
			outputPaths = (
				"${TARGET_BUILD_DIR}/${FRAMEWORKS_FOLDER_PATH}/Alamofire.framework",
				"${TARGET_BUILD_DIR}/${FRAMEWORKS_FOLDER_PATH}/GTMOAuth2.framework",
				"${TARGET_BUILD_DIR}/${FRAMEWORKS_FOLDER_PATH}/GTMSessionFetcher.framework",
				"${TARGET_BUILD_DIR}/${FRAMEWORKS_FOLDER_PATH}/GoogleToolboxForMac.framework",
				"${TARGET_BUILD_DIR}/${FRAMEWORKS_FOLDER_PATH}/nanopb.framework",
			);
			runOnlyForDeploymentPostprocessing = 0;
			shellPath = /bin/sh;
			shellScript = "\"${SRCROOT}/Pods/Target Support Files/Pods-HomeAwayHack/Pods-HomeAwayHack-frameworks.sh\"\n";
			showEnvVarsInLog = 0;
		};
		614413A64548FD856E9316F6 /* [CP] Check Pods Manifest.lock */ = {
			isa = PBXShellScriptBuildPhase;
			buildActionMask = 2147483647;
			files = (
			);
			inputPaths = (
				"${PODS_PODFILE_DIR_PATH}/Podfile.lock",
				"${PODS_ROOT}/Manifest.lock",
			);
			name = "[CP] Check Pods Manifest.lock";
			outputPaths = (
				"$(DERIVED_FILE_DIR)/Pods-HomeAwayHackTests-checkManifestLockResult.txt",
			);
			runOnlyForDeploymentPostprocessing = 0;
			shellPath = /bin/sh;
			shellScript = "diff \"${PODS_PODFILE_DIR_PATH}/Podfile.lock\" \"${PODS_ROOT}/Manifest.lock\" > /dev/null\nif [ $? != 0 ] ; then\n    # print error to STDERR\n    echo \"error: The sandbox is not in sync with the Podfile.lock. Run 'pod install' or update your CocoaPods installation.\" >&2\n    exit 1\nfi\n# This output is used by Xcode 'outputs' to avoid re-running this script phase.\necho \"SUCCESS\" > \"${SCRIPT_OUTPUT_FILE_0}\"\n";
			showEnvVarsInLog = 0;
		};
/* End PBXShellScriptBuildPhase section */

/* Begin PBXSourcesBuildPhase section */
		3B7E32BD20FAA3BB0080A451 /* Sources */ = {
			isa = PBXSourcesBuildPhase;
			buildActionMask = 2147483647;
			files = (
				3B7E32F420FAA3FA0080A451 /* LoginViewController.swift in Sources */,
				3B7E32C520FAA3BC0080A451 /* AppDelegate.swift in Sources */,
				3B7E32FA20FAA44B0080A451 /* DetailViewController.swift in Sources */,
				8807D07920FAC5DE0029B32C /* ApplyViewController.swift in Sources */,
				3B7E32F820FAA4430080A451 /* FilterViewController.swift in Sources */,
				8807D07720FAC4100029B32C /* BookItViewController.swift in Sources */,
				8807D07520FAC2020029B32C /* RequestDetailViewController.swift in Sources */,
				8807D07120FAC19E0029B32C /* ListingTableViewCell.swift in Sources */,
				8807D07320FAC1B20029B32C /* ViewRequestViewController.swift in Sources */,
				3B7E32F620FAA4360080A451 /* HomeViewController.swift in Sources */,
				8807D06F20FAC1950029B32C /* RequestTableViewCell.swift in Sources */,
			);
			runOnlyForDeploymentPostprocessing = 0;
		};
		3B7E32D120FAA3BD0080A451 /* Sources */ = {
			isa = PBXSourcesBuildPhase;
			buildActionMask = 2147483647;
			files = (
				3B7E32DA20FAA3BD0080A451 /* HomeAwayHackTests.swift in Sources */,
			);
			runOnlyForDeploymentPostprocessing = 0;
		};
		3B7E32DC20FAA3BD0080A451 /* Sources */ = {
			isa = PBXSourcesBuildPhase;
			buildActionMask = 2147483647;
			files = (
				3B7E32E520FAA3BD0080A451 /* HomeAwayHackUITests.swift in Sources */,
			);
			runOnlyForDeploymentPostprocessing = 0;
		};
/* End PBXSourcesBuildPhase section */

/* Begin PBXTargetDependency section */
		3B7E32D720FAA3BD0080A451 /* PBXTargetDependency */ = {
			isa = PBXTargetDependency;
			target = 3B7E32C020FAA3BB0080A451 /* HomeAwayHack */;
			targetProxy = 3B7E32D620FAA3BD0080A451 /* PBXContainerItemProxy */;
		};
		3B7E32E220FAA3BD0080A451 /* PBXTargetDependency */ = {
			isa = PBXTargetDependency;
			target = 3B7E32C020FAA3BB0080A451 /* HomeAwayHack */;
			targetProxy = 3B7E32E120FAA3BD0080A451 /* PBXContainerItemProxy */;
		};
/* End PBXTargetDependency section */

/* Begin PBXVariantGroup section */
		3B7E32C820FAA3BC0080A451 /* Main.storyboard */ = {
			isa = PBXVariantGroup;
			children = (
				3B7E32C920FAA3BC0080A451 /* Base */,
			);
			name = Main.storyboard;
			sourceTree = "<group>";
		};
		3B7E32CD20FAA3BD0080A451 /* LaunchScreen.storyboard */ = {
			isa = PBXVariantGroup;
			children = (
				3B7E32CE20FAA3BD0080A451 /* Base */,
			);
			name = LaunchScreen.storyboard;
			sourceTree = "<group>";
		};
/* End PBXVariantGroup section */

/* Begin XCBuildConfiguration section */
		3B7E32E720FAA3BD0080A451 /* Debug */ = {
			isa = XCBuildConfiguration;
			buildSettings = {
				ALWAYS_SEARCH_USER_PATHS = NO;
				CLANG_ANALYZER_NONNULL = YES;
				CLANG_ANALYZER_NUMBER_OBJECT_CONVERSION = YES_AGGRESSIVE;
				CLANG_CXX_LANGUAGE_STANDARD = "gnu++14";
				CLANG_CXX_LIBRARY = "libc++";
				CLANG_ENABLE_MODULES = YES;
				CLANG_ENABLE_OBJC_ARC = YES;
				CLANG_ENABLE_OBJC_WEAK = YES;
				CLANG_WARN_BLOCK_CAPTURE_AUTORELEASING = YES;
				CLANG_WARN_BOOL_CONVERSION = YES;
				CLANG_WARN_COMMA = YES;
				CLANG_WARN_CONSTANT_CONVERSION = YES;
				CLANG_WARN_DEPRECATED_OBJC_IMPLEMENTATIONS = YES;
				CLANG_WARN_DIRECT_OBJC_ISA_USAGE = YES_ERROR;
				CLANG_WARN_DOCUMENTATION_COMMENTS = YES;
				CLANG_WARN_EMPTY_BODY = YES;
				CLANG_WARN_ENUM_CONVERSION = YES;
				CLANG_WARN_INFINITE_RECURSION = YES;
				CLANG_WARN_INT_CONVERSION = YES;
				CLANG_WARN_NON_LITERAL_NULL_CONVERSION = YES;
				CLANG_WARN_OBJC_IMPLICIT_RETAIN_SELF = YES;
				CLANG_WARN_OBJC_LITERAL_CONVERSION = YES;
				CLANG_WARN_OBJC_ROOT_CLASS = YES_ERROR;
				CLANG_WARN_RANGE_LOOP_ANALYSIS = YES;
				CLANG_WARN_STRICT_PROTOTYPES = YES;
				CLANG_WARN_SUSPICIOUS_MOVE = YES;
				CLANG_WARN_UNGUARDED_AVAILABILITY = YES_AGGRESSIVE;
				CLANG_WARN_UNREACHABLE_CODE = YES;
				CLANG_WARN__DUPLICATE_METHOD_MATCH = YES;
				CODE_SIGN_IDENTITY = "iPhone Developer";
				COPY_PHASE_STRIP = NO;
				DEBUG_INFORMATION_FORMAT = dwarf;
				ENABLE_STRICT_OBJC_MSGSEND = YES;
				ENABLE_TESTABILITY = YES;
				GCC_C_LANGUAGE_STANDARD = gnu11;
				GCC_DYNAMIC_NO_PIC = NO;
				GCC_NO_COMMON_BLOCKS = YES;
				GCC_OPTIMIZATION_LEVEL = 0;
				GCC_PREPROCESSOR_DEFINITIONS = (
					"DEBUG=1",
					"$(inherited)",
				);
				GCC_WARN_64_TO_32_BIT_CONVERSION = YES;
				GCC_WARN_ABOUT_RETURN_TYPE = YES_ERROR;
				GCC_WARN_UNDECLARED_SELECTOR = YES;
				GCC_WARN_UNINITIALIZED_AUTOS = YES_AGGRESSIVE;
				GCC_WARN_UNUSED_FUNCTION = YES;
				GCC_WARN_UNUSED_VARIABLE = YES;
				IPHONEOS_DEPLOYMENT_TARGET = 11.4;
				MTL_ENABLE_DEBUG_INFO = YES;
				ONLY_ACTIVE_ARCH = YES;
				SDKROOT = iphoneos;
				SWIFT_ACTIVE_COMPILATION_CONDITIONS = DEBUG;
				SWIFT_OPTIMIZATION_LEVEL = "-Onone";
			};
			name = Debug;
		};
		3B7E32E820FAA3BD0080A451 /* Release */ = {
			isa = XCBuildConfiguration;
			buildSettings = {
				ALWAYS_SEARCH_USER_PATHS = NO;
				CLANG_ANALYZER_NONNULL = YES;
				CLANG_ANALYZER_NUMBER_OBJECT_CONVERSION = YES_AGGRESSIVE;
				CLANG_CXX_LANGUAGE_STANDARD = "gnu++14";
				CLANG_CXX_LIBRARY = "libc++";
				CLANG_ENABLE_MODULES = YES;
				CLANG_ENABLE_OBJC_ARC = YES;
				CLANG_ENABLE_OBJC_WEAK = YES;
				CLANG_WARN_BLOCK_CAPTURE_AUTORELEASING = YES;
				CLANG_WARN_BOOL_CONVERSION = YES;
				CLANG_WARN_COMMA = YES;
				CLANG_WARN_CONSTANT_CONVERSION = YES;
				CLANG_WARN_DEPRECATED_OBJC_IMPLEMENTATIONS = YES;
				CLANG_WARN_DIRECT_OBJC_ISA_USAGE = YES_ERROR;
				CLANG_WARN_DOCUMENTATION_COMMENTS = YES;
				CLANG_WARN_EMPTY_BODY = YES;
				CLANG_WARN_ENUM_CONVERSION = YES;
				CLANG_WARN_INFINITE_RECURSION = YES;
				CLANG_WARN_INT_CONVERSION = YES;
				CLANG_WARN_NON_LITERAL_NULL_CONVERSION = YES;
				CLANG_WARN_OBJC_IMPLICIT_RETAIN_SELF = YES;
				CLANG_WARN_OBJC_LITERAL_CONVERSION = YES;
				CLANG_WARN_OBJC_ROOT_CLASS = YES_ERROR;
				CLANG_WARN_RANGE_LOOP_ANALYSIS = YES;
				CLANG_WARN_STRICT_PROTOTYPES = YES;
				CLANG_WARN_SUSPICIOUS_MOVE = YES;
				CLANG_WARN_UNGUARDED_AVAILABILITY = YES_AGGRESSIVE;
				CLANG_WARN_UNREACHABLE_CODE = YES;
				CLANG_WARN__DUPLICATE_METHOD_MATCH = YES;
				CODE_SIGN_IDENTITY = "iPhone Developer";
				COPY_PHASE_STRIP = NO;
				DEBUG_INFORMATION_FORMAT = "dwarf-with-dsym";
				ENABLE_NS_ASSERTIONS = NO;
				ENABLE_STRICT_OBJC_MSGSEND = YES;
				GCC_C_LANGUAGE_STANDARD = gnu11;
				GCC_NO_COMMON_BLOCKS = YES;
				GCC_WARN_64_TO_32_BIT_CONVERSION = YES;
				GCC_WARN_ABOUT_RETURN_TYPE = YES_ERROR;
				GCC_WARN_UNDECLARED_SELECTOR = YES;
				GCC_WARN_UNINITIALIZED_AUTOS = YES_AGGRESSIVE;
				GCC_WARN_UNUSED_FUNCTION = YES;
				GCC_WARN_UNUSED_VARIABLE = YES;
				IPHONEOS_DEPLOYMENT_TARGET = 11.4;
				MTL_ENABLE_DEBUG_INFO = NO;
				SDKROOT = iphoneos;
				SWIFT_COMPILATION_MODE = wholemodule;
				SWIFT_OPTIMIZATION_LEVEL = "-O";
				VALIDATE_PRODUCT = YES;
			};
			name = Release;
		};
		3B7E32EA20FAA3BD0080A451 /* Debug */ = {
			isa = XCBuildConfiguration;
			baseConfigurationReference = 401F834597A84F539273409D /* Pods-HomeAwayHack.debug.xcconfig */;
			buildSettings = {
				ASSETCATALOG_COMPILER_APPICON_NAME = AppIcon;
				CODE_SIGN_STYLE = Automatic;
				DEVELOPMENT_TEAM = KB444ZFSFL;
				INFOPLIST_FILE = HomeAwayHack/Info.plist;
				IPHONEOS_DEPLOYMENT_TARGET = 11.2;
				LD_RUNPATH_SEARCH_PATHS = (
					"$(inherited)",
					"@executable_path/Frameworks",
				);
				PRODUCT_BUNDLE_IDENTIFIER = com.homebodies.HomeAwayHack;
				PRODUCT_NAME = "$(TARGET_NAME)";
				SWIFT_VERSION = 4.0;
				TARGETED_DEVICE_FAMILY = 1;
			};
			name = Debug;
		};
		3B7E32EB20FAA3BD0080A451 /* Release */ = {
			isa = XCBuildConfiguration;
			baseConfigurationReference = 969210B60CFB80B5379D44E1 /* Pods-HomeAwayHack.release.xcconfig */;
			buildSettings = {
				ASSETCATALOG_COMPILER_APPICON_NAME = AppIcon;
				CODE_SIGN_STYLE = Automatic;
				DEVELOPMENT_TEAM = KB444ZFSFL;
				INFOPLIST_FILE = HomeAwayHack/Info.plist;
				IPHONEOS_DEPLOYMENT_TARGET = 11.2;
				LD_RUNPATH_SEARCH_PATHS = (
					"$(inherited)",
					"@executable_path/Frameworks",
				);
				PRODUCT_BUNDLE_IDENTIFIER = com.homebodies.HomeAwayHack;
				PRODUCT_NAME = "$(TARGET_NAME)";
				SWIFT_VERSION = 4.0;
				TARGETED_DEVICE_FAMILY = 1;
			};
			name = Release;
		};
		3B7E32ED20FAA3BD0080A451 /* Debug */ = {
			isa = XCBuildConfiguration;
			baseConfigurationReference = 82285976A92EF95938C751FA /* Pods-HomeAwayHackTests.debug.xcconfig */;
			buildSettings = {
				ALWAYS_EMBED_SWIFT_STANDARD_LIBRARIES = YES;
				BUNDLE_LOADER = "$(TEST_HOST)";
				CODE_SIGN_STYLE = Automatic;
				DEVELOPMENT_TEAM = MSDKGG6G29;
				INFOPLIST_FILE = HomeAwayHackTests/Info.plist;
				LD_RUNPATH_SEARCH_PATHS = (
					"$(inherited)",
					"@executable_path/Frameworks",
					"@loader_path/Frameworks",
				);
				PRODUCT_BUNDLE_IDENTIFIER = com.homebodies.HomeAwayHackTests;
				PRODUCT_NAME = "$(TARGET_NAME)";
				SWIFT_VERSION = 4.0;
				TARGETED_DEVICE_FAMILY = "1,2";
				TEST_HOST = "$(BUILT_PRODUCTS_DIR)/HomeAwayHack.app/HomeAwayHack";
			};
			name = Debug;
		};
		3B7E32EE20FAA3BD0080A451 /* Release */ = {
			isa = XCBuildConfiguration;
			baseConfigurationReference = B39C1B6534D09A34503F8439 /* Pods-HomeAwayHackTests.release.xcconfig */;
			buildSettings = {
				ALWAYS_EMBED_SWIFT_STANDARD_LIBRARIES = YES;
				BUNDLE_LOADER = "$(TEST_HOST)";
				CODE_SIGN_STYLE = Automatic;
				DEVELOPMENT_TEAM = MSDKGG6G29;
				INFOPLIST_FILE = HomeAwayHackTests/Info.plist;
				LD_RUNPATH_SEARCH_PATHS = (
					"$(inherited)",
					"@executable_path/Frameworks",
					"@loader_path/Frameworks",
				);
				PRODUCT_BUNDLE_IDENTIFIER = com.homebodies.HomeAwayHackTests;
				PRODUCT_NAME = "$(TARGET_NAME)";
				SWIFT_VERSION = 4.0;
				TARGETED_DEVICE_FAMILY = "1,2";
				TEST_HOST = "$(BUILT_PRODUCTS_DIR)/HomeAwayHack.app/HomeAwayHack";
			};
			name = Release;
		};
		3B7E32F020FAA3BD0080A451 /* Debug */ = {
			isa = XCBuildConfiguration;
			baseConfigurationReference = 3C59FC4C243CBDE1593692DC /* Pods-HomeAwayHackUITests.debug.xcconfig */;
			buildSettings = {
				ALWAYS_EMBED_SWIFT_STANDARD_LIBRARIES = YES;
				CODE_SIGN_STYLE = Automatic;
				DEVELOPMENT_TEAM = MSDKGG6G29;
				INFOPLIST_FILE = HomeAwayHackUITests/Info.plist;
				LD_RUNPATH_SEARCH_PATHS = (
					"$(inherited)",
					"@executable_path/Frameworks",
					"@loader_path/Frameworks",
				);
				PRODUCT_BUNDLE_IDENTIFIER = com.homebodies.HomeAwayHackUITests;
				PRODUCT_NAME = "$(TARGET_NAME)";
				SWIFT_VERSION = 4.0;
				TARGETED_DEVICE_FAMILY = "1,2";
				TEST_TARGET_NAME = HomeAwayHack;
			};
			name = Debug;
		};
		3B7E32F120FAA3BD0080A451 /* Release */ = {
			isa = XCBuildConfiguration;
			baseConfigurationReference = A6DD7AD9490A8C72D21DBBE8 /* Pods-HomeAwayHackUITests.release.xcconfig */;
			buildSettings = {
				ALWAYS_EMBED_SWIFT_STANDARD_LIBRARIES = YES;
				CODE_SIGN_STYLE = Automatic;
				DEVELOPMENT_TEAM = MSDKGG6G29;
				INFOPLIST_FILE = HomeAwayHackUITests/Info.plist;
				LD_RUNPATH_SEARCH_PATHS = (
					"$(inherited)",
					"@executable_path/Frameworks",
					"@loader_path/Frameworks",
				);
				PRODUCT_BUNDLE_IDENTIFIER = com.homebodies.HomeAwayHackUITests;
				PRODUCT_NAME = "$(TARGET_NAME)";
				SWIFT_VERSION = 4.0;
				TARGETED_DEVICE_FAMILY = "1,2";
				TEST_TARGET_NAME = HomeAwayHack;
			};
			name = Release;
		};
/* End XCBuildConfiguration section */

/* Begin XCConfigurationList section */
		3B7E32BC20FAA3BB0080A451 /* Build configuration list for PBXProject "HomeAwayHack" */ = {
			isa = XCConfigurationList;
			buildConfigurations = (
				3B7E32E720FAA3BD0080A451 /* Debug */,
				3B7E32E820FAA3BD0080A451 /* Release */,
			);
			defaultConfigurationIsVisible = 0;
			defaultConfigurationName = Release;
		};
		3B7E32E920FAA3BD0080A451 /* Build configuration list for PBXNativeTarget "HomeAwayHack" */ = {
			isa = XCConfigurationList;
			buildConfigurations = (
				3B7E32EA20FAA3BD0080A451 /* Debug */,
				3B7E32EB20FAA3BD0080A451 /* Release */,
			);
			defaultConfigurationIsVisible = 0;
			defaultConfigurationName = Release;
		};
		3B7E32EC20FAA3BD0080A451 /* Build configuration list for PBXNativeTarget "HomeAwayHackTests" */ = {
			isa = XCConfigurationList;
			buildConfigurations = (
				3B7E32ED20FAA3BD0080A451 /* Debug */,
				3B7E32EE20FAA3BD0080A451 /* Release */,
			);
			defaultConfigurationIsVisible = 0;
			defaultConfigurationName = Release;
		};
		3B7E32EF20FAA3BD0080A451 /* Build configuration list for PBXNativeTarget "HomeAwayHackUITests" */ = {
			isa = XCConfigurationList;
			buildConfigurations = (
				3B7E32F020FAA3BD0080A451 /* Debug */,
				3B7E32F120FAA3BD0080A451 /* Release */,
			);
			defaultConfigurationIsVisible = 0;
			defaultConfigurationName = Release;
		};
/* End XCConfigurationList section */
	};
	rootObject = 3B7E32B920FAA3BB0080A451 /* Project object */;
}
